
Microsoft Visual Studio Solution File, Format Version 12.00
# Visual Studio Version 17
VisualStudioVersion = 17.6.33723.286
MinimumVisualStudioVersion = 10.0.40219.1
Project("{9A19103F-16F7-4668-BE54-9A1E7A4F7556}") = "TMS.Domain", "TMS.Domain\TMS.Domain.csproj", "{C15957DB-584A-4DFD-83D9-D165F9412F80}"
EndProject
Project("{9A19103F-16F7-4668-BE54-9A1E7A4F7556}") = "TMS.DataAccess", "TMS.DataAccess\TMS.DataAccess.csproj", "{E14FCEC1-535F-4185-A0FC-36CC462D4A60}"
EndProject
Project("{9A19103F-16F7-4668-BE54-9A1E7A4F7556}") = "TMS.GateWay", "TMS.GateWay\TMS.GateWay.csproj", "{D75A8AA7-F5D5-485A-84F1-6788E7CA8315}"
EndProject
Project("{FAE04EC0-301F-11D3-BF4B-00C04F79EFBC}") = "TMS.Web", "TMS.Web\TMS.Web.csproj", "{6D429366-5E80-4E0C-9E37-B5E998A21F87}"
EndProject
Project("{FAE04EC0-301F-11D3-BF4B-00C04F79EFBC}") = "TMS.Scheme", "TMS.Scheme\TMS.Scheme.csproj", "{45B46DD1-6F25-470A-920B-E770273F001F}"
EndProject
Project("{FAE04EC0-301F-11D3-BF4B-00C04F79EFBC}") = "TMS.Operations", "TMS.Operations\TMS.Operations.csproj", "{F37F11A7-04DE-43DC-B411-7C9FEC38AF6F}"
EndProject
Global
	GlobalSection(SolutionConfigurationPlatforms) = preSolution
		Debug|Any CPU = Debug|Any CPU
		Release|Any CPU = Release|Any CPU
	EndGlobalSection
	GlobalSection(ProjectConfigurationPlatforms) = postSolution
		{C15957DB-584A-4DFD-83D9-D165F9412F80}.Debug|Any CPU.ActiveCfg = Debug|Any CPU
		{C15957DB-584A-4DFD-83D9-D165F9412F80}.Debug|Any CPU.Build.0 = Debug|Any CPU
		{C15957DB-584A-4DFD-83D9-D165F9412F80}.Release|Any CPU.ActiveCfg = Release|Any CPU
		{C15957DB-584A-4DFD-83D9-D165F9412F80}.Release|Any CPU.Build.0 = Release|Any CPU
		{E14FCEC1-535F-4185-A0FC-36CC462D4A60}.Debug|Any CPU.ActiveCfg = Debug|Any CPU
		{E14FCEC1-535F-4185-A0FC-36CC462D4A60}.Debug|Any CPU.Build.0 = Debug|Any CPU
		{E14FCEC1-535F-4185-A0FC-36CC462D4A60}.Release|Any CPU.ActiveCfg = Release|Any CPU
		{E14FCEC1-535F-4185-A0FC-36CC462D4A60}.Release|Any CPU.Build.0 = Release|Any CPU
		{D75A8AA7-F5D5-485A-84F1-6788E7CA8315}.Debug|Any CPU.ActiveCfg = Debug|Any CPU
		{D75A8AA7-F5D5-485A-84F1-6788E7CA8315}.Debug|Any CPU.Build.0 = Debug|Any CPU
		{D75A8AA7-F5D5-485A-84F1-6788E7CA8315}.Release|Any CPU.ActiveCfg = Release|Any CPU
		{D75A8AA7-F5D5-485A-84F1-6788E7CA8315}.Release|Any CPU.Build.0 = Release|Any CPU
		{6D429366-5E80-4E0C-9E37-B5E998A21F87}.Debug|Any CPU.ActiveCfg = Debug|Any CPU
		{6D429366-5E80-4E0C-9E37-B5E998A21F87}.Debug|Any CPU.Build.0 = Debug|Any CPU
		{6D429366-5E80-4E0C-9E37-B5E998A21F87}.Release|Any CPU.ActiveCfg = Release|Any CPU
		{6D429366-5E80-4E0C-9E37-B5E998A21F87}.Release|Any CPU.Build.0 = Release|Any CPU
		{45B46DD1-6F25-470A-920B-E770273F001F}.Debug|Any CPU.ActiveCfg = Debug|Any CPU
		{45B46DD1-6F25-470A-920B-E770273F001F}.Debug|Any CPU.Build.0 = Debug|Any CPU
		{45B46DD1-6F25-470A-920B-E770273F001F}.Release|Any CPU.ActiveCfg = Release|Any CPU
		{45B46DD1-6F25-470A-920B-E770273F001F}.Release|Any CPU.Build.0 = Release|Any CPU
		{F37F11A7-04DE-43DC-B411-7C9FEC38AF6F}.Debug|Any CPU.ActiveCfg = Debug|Any CPU
		{F37F11A7-04DE-43DC-B411-7C9FEC38AF6F}.Debug|Any CPU.Build.0 = Debug|Any CPU
		{F37F11A7-04DE-43DC-B411-7C9FEC38AF6F}.Release|Any CPU.ActiveCfg = Release|Any CPU
		{F37F11A7-04DE-43DC-B411-7C9FEC38AF6F}.Release|Any CPU.Build.0 = Release|Any CPU
	EndGlobalSection
	GlobalSection(SolutionProperties) = preSolution
		HideSolutionNode = FALSE
	EndGlobalSection
	GlobalSection(ExtensibilityGlobals) = postSolution
		SolutionGuid = {65628EA7-CA5D-4C1C-88FA-B7F13D4989DE}
	EndGlobalSection
EndGlobal
